
Microsoft Visual Studio Solution File, Format Version 12.00
# Visual Studio 15
VisualStudioVersion = 15.0.28010.2046
MinimumVisualStudioVersion = 10.0.40219.1
Project("{FAE04EC0-301F-11D3-BF4B-00C04F79EFBC}") = "download-youtube", "download-youtube\download-youtube.csproj", "{6B8D2F1F-0489-488A-A89C-6FE257045E02}"
EndProject
Global
	GlobalSection(SolutionConfigurationPlatforms) = preSolution
		Debug|Any CPU = Debug|Any CPU
		Release|Any CPU = Release|Any CPU
	EndGlobalSection
	GlobalSection(ProjectConfigurationPlatforms) = postSolution
		{6B8D2F1F-0489-488A-A89C-6FE257045E02}.Debug|Any CPU.ActiveCfg = Debug|Any CPU
		{6B8D2F1F-0489-488A-A89C-6FE257045E02}.Debug|Any CPU.Build.0 = Debug|Any CPU
		{6B8D2F1F-0489-488A-A89C-6FE257045E02}.Release|Any CPU.ActiveCfg = Release|Any CPU
		{6B8D2F1F-0489-488A-A89C-6FE257045E02}.Release|Any CPU.Build.0 = Release|Any CPU
	EndGlobalSection
	GlobalSection(SolutionProperties) = preSolution
		HideSolutionNode = FALSE
	EndGlobalSection
	GlobalSection(ExtensibilityGlobals) = postSolution
		SolutionGuid = {29F0C9D7-B870-4CFE-BEB2-B3470C5AA110}
	EndGlobalSection
EndGlobal
